// !$*UTF8*$!
{
	archiveVersion = 1;
	classes = {
	};
	objectVersion = 56;
	objects = {

/* Begin PBXBuildFile section */
		C06DAA232919F18B000D6BEB /* CustomCollectionViewCell.swift in Sources */ = {isa = PBXBuildFile; fileRef = C06DAA212919F18B000D6BEB /* CustomCollectionViewCell.swift */; };
		C06DAA242919F18B000D6BEB /* CustomCollectionViewCell.xib in Resources */ = {isa = PBXBuildFile; fileRef = C06DAA222919F18B000D6BEB /* CustomCollectionViewCell.xib */; };
		C0F6944F2919E55900BB0EFA /* AppDelegate.swift in Sources */ = {isa = PBXBuildFile; fileRef = C0F6944E2919E55900BB0EFA /* AppDelegate.swift */; };
		C0F694512919E55900BB0EFA /* SceneDelegate.swift in Sources */ = {isa = PBXBuildFile; fileRef = C0F694502919E55900BB0EFA /* SceneDelegate.swift */; };
		C0F694532919E55900BB0EFA /* ViewController.swift in Sources */ = {isa = PBXBuildFile; fileRef = C0F694522919E55900BB0EFA /* ViewController.swift */; };
		C0F694562919E55900BB0EFA /* Main.storyboard in Resources */ = {isa = PBXBuildFile; fileRef = C0F694542919E55900BB0EFA /* Main.storyboard */; };
		C0F694582919E55A00BB0EFA /* Assets.xcassets in Resources */ = {isa = PBXBuildFile; fileRef = C0F694572919E55A00BB0EFA /* Assets.xcassets */; };
		C0F6945B2919E55A00BB0EFA /* LaunchScreen.storyboard in Resources */ = {isa = PBXBuildFile; fileRef = C0F694592919E55A00BB0EFA /* LaunchScreen.storyboard */; };
		C0F694652919E72900BB0EFA /* CarTableViewCell.swift in Sources */ = {isa = PBXBuildFile; fileRef = C0F694632919E72900BB0EFA /* CarTableViewCell.swift */; };
		C0F694662919E72900BB0EFA /* CarTableViewCell.xib in Resources */ = {isa = PBXBuildFile; fileRef = C0F694642919E72900BB0EFA /* CarTableViewCell.xib */; };
/* End PBXBuildFile section */

/* Begin PBXFileReference section */
		C06DAA212919F18B000D6BEB /* CustomCollectionViewCell.swift */ = {isa = PBXFileReference; lastKnownFileType = sourcecode.swift; path = CustomCollectionViewCell.swift; sourceTree = "<group>"; };
		C06DAA222919F18B000D6BEB /* CustomCollectionViewCell.xib */ = {isa = PBXFileReference; lastKnownFileType = file.xib; path = CustomCollectionViewCell.xib; sourceTree = "<group>"; };
		C0F6944B2919E55900BB0EFA /* tableViewCollectionView.app */ = {isa = PBXFileReference; explicitFileType = wrapper.application; includeInIndex = 0; path = tableViewCollectionView.app; sourceTree = BUILT_PRODUCTS_DIR; };
		C0F6944E2919E55900BB0EFA /* AppDelegate.swift */ = {isa = PBXFileReference; lastKnownFileType = sourcecode.swift; path = AppDelegate.swift; sourceTree = "<group>"; };
		C0F694502919E55900BB0EFA /* SceneDelegate.swift */ = {isa = PBXFileReference; lastKnownFileType = sourcecode.swift; path = SceneDelegate.swift; sourceTree = "<group>"; };
		C0F694522919E55900BB0EFA /* ViewController.swift */ = {isa = PBXFileReference; lastKnownFileType = sourcecode.swift; path = ViewController.swift; sourceTree = "<group>"; };
		C0F694552919E55900BB0EFA /* Base */ = {isa = PBXFileReference; lastKnownFileType = file.storyboard; name = Base; path = Base.lproj/Main.storyboard; sourceTree = "<group>"; };
		C0F694572919E55A00BB0EFA /* Assets.xcassets */ = {isa = PBXFileReference; lastKnownFileType = folder.assetcatalog; path = Assets.xcassets; sourceTree = "<group>"; };
		C0F6945A2919E55A00BB0EFA /* Base */ = {isa = PBXFileReference; lastKnownFileType = file.storyboard; name = Base; path = Base.lproj/LaunchScreen.storyboard; sourceTree = "<group>"; };
		C0F6945C2919E55A00BB0EFA /* Info.plist */ = {isa = PBXFileReference; lastKnownFileType = text.plist.xml; path = Info.plist; sourceTree = "<group>"; };
		C0F694632919E72900BB0EFA /* CarTableViewCell.swift */ = {isa = PBXFileReference; lastKnownFileType = sourcecode.swift; path = CarTableViewCell.swift; sourceTree = "<group>"; };
		C0F694642919E72900BB0EFA /* CarTableViewCell.xib */ = {isa = PBXFileReference; lastKnownFileType = file.xib; path = CarTableViewCell.xib; sourceTree = "<group>"; };
/* End PBXFileReference section */

/* Begin PBXFrameworksBuildPhase section */
		C0F694482919E55900BB0EFA /* Frameworks */ = {
			isa = PBXFrameworksBuildPhase;
			buildActionMask = 2147483647;
			files = (
			);
			runOnlyForDeploymentPostprocessing = 0;
		};
/* End PBXFrameworksBuildPhase section */

/* Begin PBXGroup section */
		C06DAA202919F158000D6BEB /* CollectionViewCell */ = {
			isa = PBXGroup;
			children = (
				C06DAA212919F18B000D6BEB /* CustomCollectionViewCell.swift */,
				C06DAA222919F18B000D6BEB /* CustomCollectionViewCell.xib */,
			);
			path = CollectionViewCell;
			sourceTree = "<group>";
		};
		C0F694422919E55900BB0EFA = {
			isa = PBXGroup;
			children = (
				C0F6944D2919E55900BB0EFA /* tableViewCollectionView */,
				C0F6944C2919E55900BB0EFA /* Products */,
			);
			sourceTree = "<group>";
		};
		C0F6944C2919E55900BB0EFA /* Products */ = {
			isa = PBXGroup;
			children = (
				C0F6944B2919E55900BB0EFA /* tableViewCollectionView.app */,
			);
			name = Products;
			sourceTree = "<group>";
		};
		C0F6944D2919E55900BB0EFA /* tableViewCollectionView */ = {
			isa = PBXGroup;
			children = (
				C06DAA202919F158000D6BEB /* CollectionViewCell */,
				C0F694622919E70700BB0EFA /* TableViewCell */,
				C0F6944E2919E55900BB0EFA /* AppDelegate.swift */,
				C0F694502919E55900BB0EFA /* SceneDelegate.swift */,
				C0F694522919E55900BB0EFA /* ViewController.swift */,
				C0F694542919E55900BB0EFA /* Main.storyboard */,
				C0F694572919E55A00BB0EFA /* Assets.xcassets */,
				C0F694592919E55A00BB0EFA /* LaunchScreen.storyboard */,
				C0F6945C2919E55A00BB0EFA /* Info.plist */,
			);
			path = tableViewCollectionView;
			sourceTree = "<group>";
		};
		C0F694622919E70700BB0EFA /* TableViewCell */ = {
			isa = PBXGroup;
			children = (
				C0F694632919E72900BB0EFA /* CarTableViewCell.swift */,
				C0F694642919E72900BB0EFA /* CarTableViewCell.xib */,
			);
			path = TableViewCell;
			sourceTree = "<group>";
		};
/* End PBXGroup section */

/* Begin PBXNativeTarget section */
		C0F6944A2919E55900BB0EFA /* tableViewCollectionView */ = {
			isa = PBXNativeTarget;
			buildConfigurationList = C0F6945F2919E55A00BB0EFA /* Build configuration list for PBXNativeTarget "tableViewCollectionView" */;
			buildPhases = (
				C0F694472919E55900BB0EFA /* Sources */,
				C0F694482919E55900BB0EFA /* Frameworks */,
				C0F694492919E55900BB0EFA /* Resources */,
			);
			buildRules = (
			);
			dependencies = (
			);
			name = tableViewCollectionView;
			productName = tableViewCollectionView;
			productReference = C0F6944B2919E55900BB0EFA /* tableViewCollectionView.app */;
			productType = "com.apple.product-type.application";
		};
/* End PBXNativeTarget section */

/* Begin PBXProject section */
		C0F694432919E55900BB0EFA /* Project object */ = {
			isa = PBXProject;
			attributes = {
				BuildIndependentTargetsInParallel = 1;
				LastSwiftUpdateCheck = 1410;
				LastUpgradeCheck = 1410;
				TargetAttributes = {
					C0F6944A2919E55900BB0EFA = {
						CreatedOnToolsVersion = 14.1;
					};
				};
			};
			buildConfigurationList = C0F694462919E55900BB0EFA /* Build configuration list for PBXProject "tableViewCollectionView" */;
			compatibilityVersion = "Xcode 14.0";
			developmentRegion = en;
			hasScannedForEncodings = 0;
			knownRegions = (
				en,
				Base,
			);
			mainGroup = C0F694422919E55900BB0EFA;
			productRefGroup = C0F6944C2919E55900BB0EFA /* Products */;
			projectDirPath = "";
			projectRoot = "";
			targets = (
				C0F6944A2919E55900BB0EFA /* tableViewCollectionView */,
			);
		};
/* End PBXProject section */

/* Begin PBXResourcesBuildPhase section */
		C0F694492919E55900BB0EFA /* Resources */ = {
			isa = PBXResourcesBuildPhase;
			buildActionMask = 2147483647;
			files = (
				C0F6945B2919E55A00BB0EFA /* LaunchScreen.storyboard in Resources */,
				C0F694582919E55A00BB0EFA /* Assets.xcassets in Resources */,
				C0F694662919E72900BB0EFA /* CarTableViewCell.xib in Resources */,
				C06DAA242919F18B000D6BEB /* CustomCollectionViewCell.xib in Resources */,
				C0F694562919E55900BB0EFA /* Main.storyboard in Resources */,
			);
			runOnlyForDeploymentPostprocessing = 0;
		};
/* End PBXResourcesBuildPhase section */

/* Begin PBXSourcesBuildPhase section */
		C0F694472919E55900BB0EFA /* Sources */ = {
			isa = PBXSourcesBuildPhase;
			buildActionMask = 2147483647;
			files = (
				C0F694532919E55900BB0EFA /* ViewController.swift in Sources */,
				C06DAA232919F18B000D6BEB /* CustomCollectionViewCell.swift in Sources */,
				C0F6944F2919E55900BB0EFA /* AppDelegate.swift in Sources */,
				C0F694652919E72900BB0EFA /* CarTableViewCell.swift in Sources */,
				C0F694512919E55900BB0EFA /* SceneDelegate.swift in Sources */,
			);
			runOnlyForDeploymentPostprocessing = 0;
		};
/* End PBXSourcesBuildPhase section */

/* Begin PBXVariantGroup section */
		C0F694542919E55900BB0EFA /* Main.storyboard */ = {
			isa = PBXVariantGroup;
			children = (
				C0F694552919E55900BB0EFA /* Base */,
			);
			name = Main.storyboard;
			sourceTree = "<group>";
		};
		C0F694592919E55A00BB0EFA /* LaunchScreen.storyboard */ = {
			isa = PBXVariantGroup;
			children = (
				C0F6945A2919E55A00BB0EFA /* Base */,
			);
			name = LaunchScreen.storyboard;
			sourceTree = "<group>";
		};
/* End PBXVariantGroup section */

/* Begin XCBuildConfiguration section */
		C0F6945D2919E55A00BB0EFA /* Debug */ = {
			isa = XCBuildConfiguration;
			buildSettings = {
				ALWAYS_SEARCH_USER_PATHS = NO;
				CLANG_ANALYZER_NONNULL = YES;
				CLANG_ANALYZER_NUMBER_OBJECT_CONVERSION = YES_AGGRESSIVE;
				CLANG_CXX_LANGUAGE_STANDARD = "gnu++20";
				CLANG_ENABLE_MODULES = YES;
				CLANG_ENABLE_OBJC_ARC = YES;
				CLANG_ENABLE_OBJC_WEAK = YES;
				CLANG_WARN_BLOCK_CAPTURE_AUTORELEASING = YES;
				CLANG_WARN_BOOL_CONVERSION = YES;
				CLANG_WARN_COMMA = YES;
				CLANG_WARN_CONSTANT_CONVERSION = YES;
				CLANG_WARN_DEPRECATED_OBJC_IMPLEMENTATIONS = YES;
				CLANG_WARN_DIRECT_OBJC_ISA_USAGE = YES_ERROR;
				CLANG_WARN_DOCUMENTATION_COMMENTS = YES;
				CLANG_WARN_EMPTY_BODY = YES;
				CLANG_WARN_ENUM_CONVERSION = YES;
				CLANG_WARN_INFINITE_RECURSION = YES;
				CLANG_WARN_INT_CONVERSION = YES;
				CLANG_WARN_NON_LITERAL_NULL_CONVERSION = YES;
				CLANG_WARN_OBJC_IMPLICIT_RETAIN_SELF = YES;
				CLANG_WARN_OBJC_LITERAL_CONVERSION = YES;
				CLANG_WARN_OBJC_ROOT_CLASS = YES_ERROR;
				CLANG_WARN_QUOTED_INCLUDE_IN_FRAMEWORK_HEADER = YES;
				CLANG_WARN_RANGE_LOOP_ANALYSIS = YES;
				CLANG_WARN_STRICT_PROTOTYPES = YES;
				CLANG_WARN_SUSPICIOUS_MOVE = YES;
				CLANG_WARN_UNGUARDED_AVAILABILITY = YES_AGGRESSIVE;
				CLANG_WARN_UNREACHABLE_CODE = YES;
				CLANG_WARN__DUPLICATE_METHOD_MATCH = YES;
				COPY_PHASE_STRIP = NO;
				DEBUG_INFORMATION_FORMAT = dwarf;
				ENABLE_STRICT_OBJC_MSGSEND = YES;
				ENABLE_TESTABILITY = YES;
				GCC_C_LANGUAGE_STANDARD = gnu11;
				GCC_DYNAMIC_NO_PIC = NO;
				GCC_NO_COMMON_BLOCKS = YES;
				GCC_OPTIMIZATION_LEVEL = 0;
				GCC_PREPROCESSOR_DEFINITIONS = (
					"DEBUG=1",
					"$(inherited)",
				);
				GCC_WARN_64_TO_32_BIT_CONVERSION = YES;
				GCC_WARN_ABOUT_RETURN_TYPE = YES_ERROR;
				GCC_WARN_UNDECLARED_SELECTOR = YES;
				GCC_WARN_UNINITIALIZED_AUTOS = YES_AGGRESSIVE;
				GCC_WARN_UNUSED_FUNCTION = YES;
				GCC_WARN_UNUSED_VARIABLE = YES;
				IPHONEOS_DEPLOYMENT_TARGET = 16.1;
				MTL_ENABLE_DEBUG_INFO = INCLUDE_SOURCE;
				MTL_FAST_MATH = YES;
				ONLY_ACTIVE_ARCH = YES;
				SDKROOT = iphoneos;
				SWIFT_ACTIVE_COMPILATION_CONDITIONS = DEBUG;
				SWIFT_OPTIMIZATION_LEVEL = "-Onone";
			};
			name = Debug;
		};
		C0F6945E2919E55A00BB0EFA /* Release */ = {
			isa = XCBuildConfiguration;
			buildSettings = {
				ALWAYS_SEARCH_USER_PATHS = NO;
				CLANG_ANALYZER_NONNULL = YES;
				CLANG_ANALYZER_NUMBER_OBJECT_CONVERSION = YES_AGGRESSIVE;
				CLANG_CXX_LANGUAGE_STANDARD = "gnu++20";
				CLANG_ENABLE_MODULES = YES;
				CLANG_ENABLE_OBJC_ARC = YES;
				CLANG_ENABLE_OBJC_WEAK = YES;
				CLANG_WARN_BLOCK_CAPTURE_AUTORELEASING = YES;
				CLANG_WARN_BOOL_CONVERSION = YES;
				CLANG_WARN_COMMA = YES;
				CLANG_WARN_CONSTANT_CONVERSION = YES;
				CLANG_WARN_DEPRECATED_OBJC_IMPLEMENTATIONS = YES;
				CLANG_WARN_DIRECT_OBJC_ISA_USAGE = YES_ERROR;
				CLANG_WARN_DOCUMENTATION_COMMENTS = YES;
				CLANG_WARN_EMPTY_BODY = YES;
				CLANG_WARN_ENUM_CONVERSION = YES;
				CLANG_WARN_INFINITE_RECURSION = YES;
				CLANG_WARN_INT_CONVERSION = YES;
				CLANG_WARN_NON_LITERAL_NULL_CONVERSION = YES;
				CLANG_WARN_OBJC_IMPLICIT_RETAIN_SELF = YES;
				CLANG_WARN_OBJC_LITERAL_CONVERSION = YES;
				CLANG_WARN_OBJC_ROOT_CLASS = YES_ERROR;
				CLANG_WARN_QUOTED_INCLUDE_IN_FRAMEWORK_HEADER = YES;
				CLANG_WARN_RANGE_LOOP_ANALYSIS = YES;
				CLANG_WARN_STRICT_PROTOTYPES = YES;
				CLANG_WARN_SUSPICIOUS_MOVE = YES;
				CLANG_WARN_UNGUARDED_AVAILABILITY = YES_AGGRESSIVE;
				CLANG_WARN_UNREACHABLE_CODE = YES;
				CLANG_WARN__DUPLICATE_METHOD_MATCH = YES;
				COPY_PHASE_STRIP = NO;
				DEBUG_INFORMATION_FORMAT = "dwarf-with-dsym";
				ENABLE_NS_ASSERTIONS = NO;
				ENABLE_STRICT_OBJC_MSGSEND = YES;
				GCC_C_LANGUAGE_STANDARD = gnu11;
				GCC_NO_COMMON_BLOCKS = YES;
				GCC_WARN_64_TO_32_BIT_CONVERSION = YES;
				GCC_WARN_ABOUT_RETURN_TYPE = YES_ERROR;
				GCC_WARN_UNDECLARED_SELECTOR = YES;
				GCC_WARN_UNINITIALIZED_AUTOS = YES_AGGRESSIVE;
				GCC_WARN_UNUSED_FUNCTION = YES;
				GCC_WARN_UNUSED_VARIABLE = YES;
				IPHONEOS_DEPLOYMENT_TARGET = 16.1;
				MTL_ENABLE_DEBUG_INFO = NO;
				MTL_FAST_MATH = YES;
				SDKROOT = iphoneos;
				SWIFT_COMPILATION_MODE = wholemodule;
				SWIFT_OPTIMIZATION_LEVEL = "-O";
				VALIDATE_PRODUCT = YES;
			};
			name = Release;
		};
		C0F694602919E55A00BB0EFA /* Debug */ = {
			isa = XCBuildConfiguration;
			buildSettings = {
				ASSETCATALOG_COMPILER_APPICON_NAME = AppIcon;
				ASSETCATALOG_COMPILER_GLOBAL_ACCENT_COLOR_NAME = AccentColor;
				CODE_SIGN_STYLE = Automatic;
				CURRENT_PROJECT_VERSION = 1;
				DEVELOPMENT_TEAM = PK772J695M;
				GENERATE_INFOPLIST_FILE = YES;
				INFOPLIST_FILE = tableViewCollectionView/Info.plist;
				INFOPLIST_KEY_UIApplicationSupportsIndirectInputEvents = YES;
				INFOPLIST_KEY_UILaunchStoryboardName = LaunchScreen;
				INFOPLIST_KEY_UIMainStoryboardFile = Main;
				INFOPLIST_KEY_UISupportedInterfaceOrientations_iPad = "UIInterfaceOrientationPortrait UIInterfaceOrientationPortraitUpsideDown UIInterfaceOrientationLandscapeLeft UIInterfaceOrientationLandscapeRight";
				INFOPLIST_KEY_UISupportedInterfaceOrientations_iPhone = "UIInterfaceOrientationPortrait UIInterfaceOrientationLandscapeLeft UIInterfaceOrientationLandscapeRight";
				LD_RUNPATH_SEARCH_PATHS = (
					"$(inherited)",
					"@executable_path/Frameworks",
				);
				MARKETING_VERSION = 1.0;
				PRODUCT_BUNDLE_IDENTIFIER = com.GabrielRosa.tableViewCollectionView;
				PRODUCT_NAME = "$(TARGET_NAME)";
				SWIFT_EMIT_LOC_STRINGS = YES;
				SWIFT_VERSION = 5.0;
				TARGETED_DEVICE_FAMILY = "1,2";
			};
			name = Debug;
		};
		C0F694612919E55A00BB0EFA /* Release */ = {
			isa = XCBuildConfiguration;
			buildSettings = {
				ASSETCATALOG_COMPILER_APPICON_NAME = AppIcon;
				ASSETCATALOG_COMPILER_GLOBAL_ACCENT_COLOR_NAME = AccentColor;
				CODE_SIGN_STYLE = Automatic;
				CURRENT_PROJECT_VERSION = 1;
				DEVELOPMENT_TEAM = PK772J695M;
				GENERATE_INFOPLIST_FILE = YES;
				INFOPLIST_FILE = tableViewCollectionView/Info.plist;
				INFOPLIST_KEY_UIApplicationSupportsIndirectInputEvents = YES;
				INFOPLIST_KEY_UILaunchStoryboardName = LaunchScreen;
				INFOPLIST_KEY_UIMainStoryboardFile = Main;
				INFOPLIST_KEY_UISupportedInterfaceOrientations_iPad = "UIInterfaceOrientationPortrait UIInterfaceOrientationPortraitUpsideDown UIInterfaceOrientationLandscapeLeft UIInterfaceOrientationLandscapeRight";
				INFOPLIST_KEY_UISupportedInterfaceOrientations_iPhone = "UIInterfaceOrientationPortrait UIInterfaceOrientationLandscapeLeft UIInterfaceOrientationLandscapeRight";
				LD_RUNPATH_SEARCH_PATHS = (
					"$(inherited)",
					"@executable_path/Frameworks",
				);
				MARKETING_VERSION = 1.0;
				PRODUCT_BUNDLE_IDENTIFIER = com.GabrielRosa.tableViewCollectionView;
				PRODUCT_NAME = "$(TARGET_NAME)";
				SWIFT_EMIT_LOC_STRINGS = YES;
				SWIFT_VERSION = 5.0;
				TARGETED_DEVICE_FAMILY = "1,2";
			};
			name = Release;
		};
/* End XCBuildConfiguration section */

/* Begin XCConfigurationList section */
		C0F694462919E55900BB0EFA /* Build configuration list for PBXProject "tableViewCollectionView" */ = {
			isa = XCConfigurationList;
			buildConfigurations = (
				C0F6945D2919E55A00BB0EFA /* Debug */,
				C0F6945E2919E55A00BB0EFA /* Release */,
			);
			defaultConfigurationIsVisible = 0;
			defaultConfigurationName = Release;
		};
		C0F6945F2919E55A00BB0EFA /* Build configuration list for PBXNativeTarget "tableViewCollectionView" */ = {
			isa = XCConfigurationList;
			buildConfigurations = (
				C0F694602919E55A00BB0EFA /* Debug */,
				C0F694612919E55A00BB0EFA /* Release */,
			);
			defaultConfigurationIsVisible = 0;
			defaultConfigurationName = Release;
		};
/* End XCConfigurationList section */
	};
	rootObject = C0F694432919E55900BB0EFA /* Project object */;
}
