// !$*UTF8*$!
{
	archiveVersion = 1;
	classes = {
	};
	objectVersion = 56;
	objects = {

/* Begin PBXBuildFile section */
		C03860E1291B0538000DA43D /* AppDelegate.swift in Sources */ = {isa = PBXBuildFile; fileRef = C03860E0291B0538000DA43D /* AppDelegate.swift */; };
		C03860E3291B0538000DA43D /* SceneDelegate.swift in Sources */ = {isa = PBXBuildFile; fileRef = C03860E2291B0538000DA43D /* SceneDelegate.swift */; };
		C03860E5291B0538000DA43D /* ViewController.swift in Sources */ = {isa = PBXBuildFile; fileRef = C03860E4291B0538000DA43D /* ViewController.swift */; };
		C03860E8291B0538000DA43D /* Main.storyboard in Resources */ = {isa = PBXBuildFile; fileRef = C03860E6291B0538000DA43D /* Main.storyboard */; };
		C03860EA291B0539000DA43D /* Assets.xcassets in Resources */ = {isa = PBXBuildFile; fileRef = C03860E9291B0539000DA43D /* Assets.xcassets */; };
		C03860ED291B0539000DA43D /* LaunchScreen.storyboard in Resources */ = {isa = PBXBuildFile; fileRef = C03860EB291B0539000DA43D /* LaunchScreen.storyboard */; };
		C03860F7291B0622000DA43D /* CustomTableViewCell.swift in Sources */ = {isa = PBXBuildFile; fileRef = C03860F5291B0622000DA43D /* CustomTableViewCell.swift */; };
		C03860F8291B0622000DA43D /* CustomTableViewCell.xib in Resources */ = {isa = PBXBuildFile; fileRef = C03860F6291B0622000DA43D /* CustomTableViewCell.xib */; };
		C03860FC291B0824000DA43D /* CustomCollectionViewCell.swift in Sources */ = {isa = PBXBuildFile; fileRef = C03860FA291B0824000DA43D /* CustomCollectionViewCell.swift */; };
		C03860FD291B0824000DA43D /* CustomCollectionViewCell.xib in Resources */ = {isa = PBXBuildFile; fileRef = C03860FB291B0824000DA43D /* CustomCollectionViewCell.xib */; };
/* End PBXBuildFile section */

/* Begin PBXFileReference section */
		C03860DD291B0538000DA43D /* TableViewCollectionView5.app */ = {isa = PBXFileReference; explicitFileType = wrapper.application; includeInIndex = 0; path = TableViewCollectionView5.app; sourceTree = BUILT_PRODUCTS_DIR; };
		C03860E0291B0538000DA43D /* AppDelegate.swift */ = {isa = PBXFileReference; lastKnownFileType = sourcecode.swift; path = AppDelegate.swift; sourceTree = "<group>"; };
		C03860E2291B0538000DA43D /* SceneDelegate.swift */ = {isa = PBXFileReference; lastKnownFileType = sourcecode.swift; path = SceneDelegate.swift; sourceTree = "<group>"; };
		C03860E4291B0538000DA43D /* ViewController.swift */ = {isa = PBXFileReference; lastKnownFileType = sourcecode.swift; path = ViewController.swift; sourceTree = "<group>"; };
		C03860E7291B0538000DA43D /* Base */ = {isa = PBXFileReference; lastKnownFileType = file.storyboard; name = Base; path = Base.lproj/Main.storyboard; sourceTree = "<group>"; };
		C03860E9291B0539000DA43D /* Assets.xcassets */ = {isa = PBXFileReference; lastKnownFileType = folder.assetcatalog; path = Assets.xcassets; sourceTree = "<group>"; };
		C03860EC291B0539000DA43D /* Base */ = {isa = PBXFileReference; lastKnownFileType = file.storyboard; name = Base; path = Base.lproj/LaunchScreen.storyboard; sourceTree = "<group>"; };
		C03860EE291B0539000DA43D /* Info.plist */ = {isa = PBXFileReference; lastKnownFileType = text.plist.xml; path = Info.plist; sourceTree = "<group>"; };
		C03860F5291B0622000DA43D /* CustomTableViewCell.swift */ = {isa = PBXFileReference; lastKnownFileType = sourcecode.swift; path = CustomTableViewCell.swift; sourceTree = "<group>"; };
		C03860F6291B0622000DA43D /* CustomTableViewCell.xib */ = {isa = PBXFileReference; lastKnownFileType = file.xib; path = CustomTableViewCell.xib; sourceTree = "<group>"; };
		C03860FA291B0824000DA43D /* CustomCollectionViewCell.swift */ = {isa = PBXFileReference; lastKnownFileType = sourcecode.swift; path = CustomCollectionViewCell.swift; sourceTree = "<group>"; };
		C03860FB291B0824000DA43D /* CustomCollectionViewCell.xib */ = {isa = PBXFileReference; lastKnownFileType = file.xib; path = CustomCollectionViewCell.xib; sourceTree = "<group>"; };
/* End PBXFileReference section */

/* Begin PBXFrameworksBuildPhase section */
		C03860DA291B0538000DA43D /* Frameworks */ = {
			isa = PBXFrameworksBuildPhase;
			buildActionMask = 2147483647;
			files = (
			);
			runOnlyForDeploymentPostprocessing = 0;
		};
/* End PBXFrameworksBuildPhase section */

/* Begin PBXGroup section */
		C03860D4291B0538000DA43D = {
			isa = PBXGroup;
			children = (
				C03860DF291B0538000DA43D /* TableViewCollectionView5 */,
				C03860DE291B0538000DA43D /* Products */,
			);
			sourceTree = "<group>";
		};
		C03860DE291B0538000DA43D /* Products */ = {
			isa = PBXGroup;
			children = (
				C03860DD291B0538000DA43D /* TableViewCollectionView5.app */,
			);
			name = Products;
			sourceTree = "<group>";
		};
		C03860DF291B0538000DA43D /* TableViewCollectionView5 */ = {
			isa = PBXGroup;
			children = (
				C03860F9291B07FE000DA43D /* CollectionViewCell */,
				C03860F4291B0609000DA43D /* TableViewCell */,
				C03860E0291B0538000DA43D /* AppDelegate.swift */,
				C03860E2291B0538000DA43D /* SceneDelegate.swift */,
				C03860E4291B0538000DA43D /* ViewController.swift */,
				C03860E6291B0538000DA43D /* Main.storyboard */,
				C03860E9291B0539000DA43D /* Assets.xcassets */,
				C03860EB291B0539000DA43D /* LaunchScreen.storyboard */,
				C03860EE291B0539000DA43D /* Info.plist */,
			);
			path = TableViewCollectionView5;
			sourceTree = "<group>";
		};
		C03860F4291B0609000DA43D /* TableViewCell */ = {
			isa = PBXGroup;
			children = (
				C03860F5291B0622000DA43D /* CustomTableViewCell.swift */,
				C03860F6291B0622000DA43D /* CustomTableViewCell.xib */,
			);
			path = TableViewCell;
			sourceTree = "<group>";
		};
		C03860F9291B07FE000DA43D /* CollectionViewCell */ = {
			isa = PBXGroup;
			children = (
				C03860FA291B0824000DA43D /* CustomCollectionViewCell.swift */,
				C03860FB291B0824000DA43D /* CustomCollectionViewCell.xib */,
			);
			path = CollectionViewCell;
			sourceTree = "<group>";
		};
/* End PBXGroup section */

/* Begin PBXNativeTarget section */
		C03860DC291B0538000DA43D /* TableViewCollectionView5 */ = {
			isa = PBXNativeTarget;
			buildConfigurationList = C03860F1291B0539000DA43D /* Build configuration list for PBXNativeTarget "TableViewCollectionView5" */;
			buildPhases = (
				C03860D9291B0538000DA43D /* Sources */,
				C03860DA291B0538000DA43D /* Frameworks */,
				C03860DB291B0538000DA43D /* Resources */,
			);
			buildRules = (
			);
			dependencies = (
			);
			name = TableViewCollectionView5;
			productName = TableViewCollectionView5;
			productReference = C03860DD291B0538000DA43D /* TableViewCollectionView5.app */;
			productType = "com.apple.product-type.application";
		};
/* End PBXNativeTarget section */

/* Begin PBXProject section */
		C03860D5291B0538000DA43D /* Project object */ = {
			isa = PBXProject;
			attributes = {
				BuildIndependentTargetsInParallel = 1;
				LastSwiftUpdateCheck = 1410;
				LastUpgradeCheck = 1410;
				TargetAttributes = {
					C03860DC291B0538000DA43D = {
						CreatedOnToolsVersion = 14.1;
					};
				};
			};
			buildConfigurationList = C03860D8291B0538000DA43D /* Build configuration list for PBXProject "TableViewCollectionView5" */;
			compatibilityVersion = "Xcode 14.0";
			developmentRegion = en;
			hasScannedForEncodings = 0;
			knownRegions = (
				en,
				Base,
			);
			mainGroup = C03860D4291B0538000DA43D;
			productRefGroup = C03860DE291B0538000DA43D /* Products */;
			projectDirPath = "";
			projectRoot = "";
			targets = (
				C03860DC291B0538000DA43D /* TableViewCollectionView5 */,
			);
		};
/* End PBXProject section */

/* Begin PBXResourcesBuildPhase section */
		C03860DB291B0538000DA43D /* Resources */ = {
			isa = PBXResourcesBuildPhase;
			buildActionMask = 2147483647;
			files = (
				C03860ED291B0539000DA43D /* LaunchScreen.storyboard in Resources */,
				C03860EA291B0539000DA43D /* Assets.xcassets in Resources */,
				C03860F8291B0622000DA43D /* CustomTableViewCell.xib in Resources */,
				C03860FD291B0824000DA43D /* CustomCollectionViewCell.xib in Resources */,
				C03860E8291B0538000DA43D /* Main.storyboard in Resources */,
			);
			runOnlyForDeploymentPostprocessing = 0;
		};
/* End PBXResourcesBuildPhase section */

/* Begin PBXSourcesBuildPhase section */
		C03860D9291B0538000DA43D /* Sources */ = {
			isa = PBXSourcesBuildPhase;
			buildActionMask = 2147483647;
			files = (
				C03860E5291B0538000DA43D /* ViewController.swift in Sources */,
				C03860FC291B0824000DA43D /* CustomCollectionViewCell.swift in Sources */,
				C03860E1291B0538000DA43D /* AppDelegate.swift in Sources */,
				C03860F7291B0622000DA43D /* CustomTableViewCell.swift in Sources */,
				C03860E3291B0538000DA43D /* SceneDelegate.swift in Sources */,
			);
			runOnlyForDeploymentPostprocessing = 0;
		};
/* End PBXSourcesBuildPhase section */

/* Begin PBXVariantGroup section */
		C03860E6291B0538000DA43D /* Main.storyboard */ = {
			isa = PBXVariantGroup;
			children = (
				C03860E7291B0538000DA43D /* Base */,
			);
			name = Main.storyboard;
			sourceTree = "<group>";
		};
		C03860EB291B0539000DA43D /* LaunchScreen.storyboard */ = {
			isa = PBXVariantGroup;
			children = (
				C03860EC291B0539000DA43D /* Base */,
			);
			name = LaunchScreen.storyboard;
			sourceTree = "<group>";
		};
/* End PBXVariantGroup section */

/* Begin XCBuildConfiguration section */
		C03860EF291B0539000DA43D /* Debug */ = {
			isa = XCBuildConfiguration;
			buildSettings = {
				ALWAYS_SEARCH_USER_PATHS = NO;
				CLANG_ANALYZER_NONNULL = YES;
				CLANG_ANALYZER_NUMBER_OBJECT_CONVERSION = YES_AGGRESSIVE;
				CLANG_CXX_LANGUAGE_STANDARD = "gnu++20";
				CLANG_ENABLE_MODULES = YES;
				CLANG_ENABLE_OBJC_ARC = YES;
				CLANG_ENABLE_OBJC_WEAK = YES;
				CLANG_WARN_BLOCK_CAPTURE_AUTORELEASING = YES;
				CLANG_WARN_BOOL_CONVERSION = YES;
				CLANG_WARN_COMMA = YES;
				CLANG_WARN_CONSTANT_CONVERSION = YES;
				CLANG_WARN_DEPRECATED_OBJC_IMPLEMENTATIONS = YES;
				CLANG_WARN_DIRECT_OBJC_ISA_USAGE = YES_ERROR;
				CLANG_WARN_DOCUMENTATION_COMMENTS = YES;
				CLANG_WARN_EMPTY_BODY = YES;
				CLANG_WARN_ENUM_CONVERSION = YES;
				CLANG_WARN_INFINITE_RECURSION = YES;
				CLANG_WARN_INT_CONVERSION = YES;
				CLANG_WARN_NON_LITERAL_NULL_CONVERSION = YES;
				CLANG_WARN_OBJC_IMPLICIT_RETAIN_SELF = YES;
				CLANG_WARN_OBJC_LITERAL_CONVERSION = YES;
				CLANG_WARN_OBJC_ROOT_CLASS = YES_ERROR;
				CLANG_WARN_QUOTED_INCLUDE_IN_FRAMEWORK_HEADER = YES;
				CLANG_WARN_RANGE_LOOP_ANALYSIS = YES;
				CLANG_WARN_STRICT_PROTOTYPES = YES;
				CLANG_WARN_SUSPICIOUS_MOVE = YES;
				CLANG_WARN_UNGUARDED_AVAILABILITY = YES_AGGRESSIVE;
				CLANG_WARN_UNREACHABLE_CODE = YES;
				CLANG_WARN__DUPLICATE_METHOD_MATCH = YES;
				COPY_PHASE_STRIP = NO;
				DEBUG_INFORMATION_FORMAT = dwarf;
				ENABLE_STRICT_OBJC_MSGSEND = YES;
				ENABLE_TESTABILITY = YES;
				GCC_C_LANGUAGE_STANDARD = gnu11;
				GCC_DYNAMIC_NO_PIC = NO;
				GCC_NO_COMMON_BLOCKS = YES;
				GCC_OPTIMIZATION_LEVEL = 0;
				GCC_PREPROCESSOR_DEFINITIONS = (
					"DEBUG=1",
					"$(inherited)",
				);
				GCC_WARN_64_TO_32_BIT_CONVERSION = YES;
				GCC_WARN_ABOUT_RETURN_TYPE = YES_ERROR;
				GCC_WARN_UNDECLARED_SELECTOR = YES;
				GCC_WARN_UNINITIALIZED_AUTOS = YES_AGGRESSIVE;
				GCC_WARN_UNUSED_FUNCTION = YES;
				GCC_WARN_UNUSED_VARIABLE = YES;
				IPHONEOS_DEPLOYMENT_TARGET = 16.1;
				MTL_ENABLE_DEBUG_INFO = INCLUDE_SOURCE;
				MTL_FAST_MATH = YES;
				ONLY_ACTIVE_ARCH = YES;
				SDKROOT = iphoneos;
				SWIFT_ACTIVE_COMPILATION_CONDITIONS = DEBUG;
				SWIFT_OPTIMIZATION_LEVEL = "-Onone";
			};
			name = Debug;
		};
		C03860F0291B0539000DA43D /* Release */ = {
			isa = XCBuildConfiguration;
			buildSettings = {
				ALWAYS_SEARCH_USER_PATHS = NO;
				CLANG_ANALYZER_NONNULL = YES;
				CLANG_ANALYZER_NUMBER_OBJECT_CONVERSION = YES_AGGRESSIVE;
				CLANG_CXX_LANGUAGE_STANDARD = "gnu++20";
				CLANG_ENABLE_MODULES = YES;
				CLANG_ENABLE_OBJC_ARC = YES;
				CLANG_ENABLE_OBJC_WEAK = YES;
				CLANG_WARN_BLOCK_CAPTURE_AUTORELEASING = YES;
				CLANG_WARN_BOOL_CONVERSION = YES;
				CLANG_WARN_COMMA = YES;
				CLANG_WARN_CONSTANT_CONVERSION = YES;
				CLANG_WARN_DEPRECATED_OBJC_IMPLEMENTATIONS = YES;
				CLANG_WARN_DIRECT_OBJC_ISA_USAGE = YES_ERROR;
				CLANG_WARN_DOCUMENTATION_COMMENTS = YES;
				CLANG_WARN_EMPTY_BODY = YES;
				CLANG_WARN_ENUM_CONVERSION = YES;
				CLANG_WARN_INFINITE_RECURSION = YES;
				CLANG_WARN_INT_CONVERSION = YES;
				CLANG_WARN_NON_LITERAL_NULL_CONVERSION = YES;
				CLANG_WARN_OBJC_IMPLICIT_RETAIN_SELF = YES;
				CLANG_WARN_OBJC_LITERAL_CONVERSION = YES;
				CLANG_WARN_OBJC_ROOT_CLASS = YES_ERROR;
				CLANG_WARN_QUOTED_INCLUDE_IN_FRAMEWORK_HEADER = YES;
				CLANG_WARN_RANGE_LOOP_ANALYSIS = YES;
				CLANG_WARN_STRICT_PROTOTYPES = YES;
				CLANG_WARN_SUSPICIOUS_MOVE = YES;
				CLANG_WARN_UNGUARDED_AVAILABILITY = YES_AGGRESSIVE;
				CLANG_WARN_UNREACHABLE_CODE = YES;
				CLANG_WARN__DUPLICATE_METHOD_MATCH = YES;
				COPY_PHASE_STRIP = NO;
				DEBUG_INFORMATION_FORMAT = "dwarf-with-dsym";
				ENABLE_NS_ASSERTIONS = NO;
				ENABLE_STRICT_OBJC_MSGSEND = YES;
				GCC_C_LANGUAGE_STANDARD = gnu11;
				GCC_NO_COMMON_BLOCKS = YES;
				GCC_WARN_64_TO_32_BIT_CONVERSION = YES;
				GCC_WARN_ABOUT_RETURN_TYPE = YES_ERROR;
				GCC_WARN_UNDECLARED_SELECTOR = YES;
				GCC_WARN_UNINITIALIZED_AUTOS = YES_AGGRESSIVE;
				GCC_WARN_UNUSED_FUNCTION = YES;
				GCC_WARN_UNUSED_VARIABLE = YES;
				IPHONEOS_DEPLOYMENT_TARGET = 16.1;
				MTL_ENABLE_DEBUG_INFO = NO;
				MTL_FAST_MATH = YES;
				SDKROOT = iphoneos;
				SWIFT_COMPILATION_MODE = wholemodule;
				SWIFT_OPTIMIZATION_LEVEL = "-O";
				VALIDATE_PRODUCT = YES;
			};
			name = Release;
		};
		C03860F2291B0539000DA43D /* Debug */ = {
			isa = XCBuildConfiguration;
			buildSettings = {
				ASSETCATALOG_COMPILER_APPICON_NAME = AppIcon;
				ASSETCATALOG_COMPILER_GLOBAL_ACCENT_COLOR_NAME = AccentColor;
				CODE_SIGN_STYLE = Automatic;
				CURRENT_PROJECT_VERSION = 1;
				DEVELOPMENT_TEAM = PK772J695M;
				GENERATE_INFOPLIST_FILE = YES;
				INFOPLIST_FILE = TableViewCollectionView5/Info.plist;
				INFOPLIST_KEY_UIApplicationSupportsIndirectInputEvents = YES;
				INFOPLIST_KEY_UILaunchStoryboardName = LaunchScreen;
				INFOPLIST_KEY_UIMainStoryboardFile = Main;
				INFOPLIST_KEY_UISupportedInterfaceOrientations_iPad = "UIInterfaceOrientationPortrait UIInterfaceOrientationPortraitUpsideDown UIInterfaceOrientationLandscapeLeft UIInterfaceOrientationLandscapeRight";
				INFOPLIST_KEY_UISupportedInterfaceOrientations_iPhone = "UIInterfaceOrientationPortrait UIInterfaceOrientationLandscapeLeft UIInterfaceOrientationLandscapeRight";
				LD_RUNPATH_SEARCH_PATHS = (
					"$(inherited)",
					"@executable_path/Frameworks",
				);
				MARKETING_VERSION = 1.0;
				PRODUCT_BUNDLE_IDENTIFIER = com.GabrielRosa.TableViewCollectionView5;
				PRODUCT_NAME = "$(TARGET_NAME)";
				SWIFT_EMIT_LOC_STRINGS = YES;
				SWIFT_VERSION = 5.0;
				TARGETED_DEVICE_FAMILY = "1,2";
			};
			name = Debug;
		};
		C03860F3291B0539000DA43D /* Release */ = {
			isa = XCBuildConfiguration;
			buildSettings = {
				ASSETCATALOG_COMPILER_APPICON_NAME = AppIcon;
				ASSETCATALOG_COMPILER_GLOBAL_ACCENT_COLOR_NAME = AccentColor;
				CODE_SIGN_STYLE = Automatic;
				CURRENT_PROJECT_VERSION = 1;
				DEVELOPMENT_TEAM = PK772J695M;
				GENERATE_INFOPLIST_FILE = YES;
				INFOPLIST_FILE = TableViewCollectionView5/Info.plist;
				INFOPLIST_KEY_UIApplicationSupportsIndirectInputEvents = YES;
				INFOPLIST_KEY_UILaunchStoryboardName = LaunchScreen;
				INFOPLIST_KEY_UIMainStoryboardFile = Main;
				INFOPLIST_KEY_UISupportedInterfaceOrientations_iPad = "UIInterfaceOrientationPortrait UIInterfaceOrientationPortraitUpsideDown UIInterfaceOrientationLandscapeLeft UIInterfaceOrientationLandscapeRight";
				INFOPLIST_KEY_UISupportedInterfaceOrientations_iPhone = "UIInterfaceOrientationPortrait UIInterfaceOrientationLandscapeLeft UIInterfaceOrientationLandscapeRight";
				LD_RUNPATH_SEARCH_PATHS = (
					"$(inherited)",
					"@executable_path/Frameworks",
				);
				MARKETING_VERSION = 1.0;
				PRODUCT_BUNDLE_IDENTIFIER = com.GabrielRosa.TableViewCollectionView5;
				PRODUCT_NAME = "$(TARGET_NAME)";
				SWIFT_EMIT_LOC_STRINGS = YES;
				SWIFT_VERSION = 5.0;
				TARGETED_DEVICE_FAMILY = "1,2";
			};
			name = Release;
		};
/* End XCBuildConfiguration section */

/* Begin XCConfigurationList section */
		C03860D8291B0538000DA43D /* Build configuration list for PBXProject "TableViewCollectionView5" */ = {
			isa = XCConfigurationList;
			buildConfigurations = (
				C03860EF291B0539000DA43D /* Debug */,
				C03860F0291B0539000DA43D /* Release */,
			);
			defaultConfigurationIsVisible = 0;
			defaultConfigurationName = Release;
		};
		C03860F1291B0539000DA43D /* Build configuration list for PBXNativeTarget "TableViewCollectionView5" */ = {
			isa = XCConfigurationList;
			buildConfigurations = (
				C03860F2291B0539000DA43D /* Debug */,
				C03860F3291B0539000DA43D /* Release */,
			);
			defaultConfigurationIsVisible = 0;
			defaultConfigurationName = Release;
		};
/* End XCConfigurationList section */
	};
	rootObject = C03860D5291B0538000DA43D /* Project object */;
}
